
Microsoft Visual Studio Solution File, Format Version 12.00
# Visual Studio Version 16
VisualStudioVersion = 16.0.31702.278
MinimumVisualStudioVersion = 10.0.40219.1
Project("{FAE04EC0-301F-11D3-BF4B-00C04F79EFBC}") = "Producer", "Producer\Producer.csproj", "{BB946BC4-F433-460F-A232-5BDF6B041322}"
EndProject
Global
	GlobalSection(SolutionConfigurationPlatforms) = preSolution
		Debug|Any CPU = Debug|Any CPU
		Release|Any CPU = Release|Any CPU
	EndGlobalSection
	GlobalSection(ProjectConfigurationPlatforms) = postSolution
		{BB946BC4-F433-460F-A232-5BDF6B041322}.Debug|Any CPU.ActiveCfg = Debug|Any CPU
		{BB946BC4-F433-460F-A232-5BDF6B041322}.Debug|Any CPU.Build.0 = Debug|Any CPU
		{BB946BC4-F433-460F-A232-5BDF6B041322}.Release|Any CPU.ActiveCfg = Release|Any CPU
		{BB946BC4-F433-460F-A232-5BDF6B041322}.Release|Any CPU.Build.0 = Release|Any CPU
	EndGlobalSection
	GlobalSection(SolutionProperties) = preSolution
		HideSolutionNode = FALSE
	EndGlobalSection
	GlobalSection(ExtensibilityGlobals) = postSolution
		SolutionGuid = {58EB49FA-8665-4ADF-B1D0-C7547038ADCA}
	EndGlobalSection
EndGlobal
